// !$*UTF8*$!
{
	archiveVersion = 1;
	classes = {
	};
	objectVersion = 56;
	objects = {

/* Begin PBXBuildFile section */
		C737A6442BBB8BB2000A8747 /* DesempenhoViewController.swift in Sources */ = {isa = PBXBuildFile; fileRef = C737A6432BBB8BB2000A8747 /* DesempenhoViewController.swift */; };
		C737A6482BBC8561000A8747 /* UIColor+.swift in Sources */ = {isa = PBXBuildFile; fileRef = C737A6472BBC8561000A8747 /* UIColor+.swift */; };
		C7FDA5B82BB4A45E0071763F /* AppDelegate.swift in Sources */ = {isa = PBXBuildFile; fileRef = C7FDA5B72BB4A45E0071763F /* AppDelegate.swift */; };
		C7FDA5BA2BB4A45E0071763F /* SceneDelegate.swift in Sources */ = {isa = PBXBuildFile; fileRef = C7FDA5B92BB4A45E0071763F /* SceneDelegate.swift */; };
		C7FDA5BC2BB4A45E0071763F /* ViewController.swift in Sources */ = {isa = PBXBuildFile; fileRef = C7FDA5BB2BB4A45E0071763F /* ViewController.swift */; };
		C7FDA5BF2BB4A45E0071763F /* Main.storyboard in Resources */ = {isa = PBXBuildFile; fileRef = C7FDA5BD2BB4A45E0071763F /* Main.storyboard */; };
		C7FDA5C12BB4A4610071763F /* Assets.xcassets in Resources */ = {isa = PBXBuildFile; fileRef = C7FDA5C02BB4A4610071763F /* Assets.xcassets */; };
		C7FDA5C42BB4A4610071763F /* LaunchScreen.storyboard in Resources */ = {isa = PBXBuildFile; fileRef = C7FDA5C22BB4A4610071763F /* LaunchScreen.storyboard */; };
		C7FDA5CC2BB8D33A0071763F /* QuestaoViewController.swift in Sources */ = {isa = PBXBuildFile; fileRef = C7FDA5CB2BB8D3390071763F /* QuestaoViewController.swift */; };
		C7FDA5CE2BBA44FD0071763F /* Questao.swift in Sources */ = {isa = PBXBuildFile; fileRef = C7FDA5CD2BBA44FD0071763F /* Questao.swift */; };
/* End PBXBuildFile section */

/* Begin PBXFileReference section */
		C737A6432BBB8BB2000A8747 /* DesempenhoViewController.swift */ = {isa = PBXFileReference; lastKnownFileType = sourcecode.swift; path = DesempenhoViewController.swift; sourceTree = "<group>"; };
		C737A6472BBC8561000A8747 /* UIColor+.swift */ = {isa = PBXFileReference; lastKnownFileType = sourcecode.swift; path = "UIColor+.swift"; sourceTree = "<group>"; };
		C7FDA5B42BB4A45E0071763F /* iQuiz.app */ = {isa = PBXFileReference; explicitFileType = wrapper.application; includeInIndex = 0; path = iQuiz.app; sourceTree = BUILT_PRODUCTS_DIR; };
		C7FDA5B72BB4A45E0071763F /* AppDelegate.swift */ = {isa = PBXFileReference; lastKnownFileType = sourcecode.swift; path = AppDelegate.swift; sourceTree = "<group>"; };
		C7FDA5B92BB4A45E0071763F /* SceneDelegate.swift */ = {isa = PBXFileReference; lastKnownFileType = sourcecode.swift; path = SceneDelegate.swift; sourceTree = "<group>"; };
		C7FDA5BB2BB4A45E0071763F /* ViewController.swift */ = {isa = PBXFileReference; lastKnownFileType = sourcecode.swift; path = ViewController.swift; sourceTree = "<group>"; };
		C7FDA5BE2BB4A45E0071763F /* Base */ = {isa = PBXFileReference; lastKnownFileType = file.storyboard; name = Base; path = Base.lproj/Main.storyboard; sourceTree = "<group>"; };
		C7FDA5C02BB4A4610071763F /* Assets.xcassets */ = {isa = PBXFileReference; lastKnownFileType = folder.assetcatalog; path = Assets.xcassets; sourceTree = "<group>"; };
		C7FDA5C32BB4A4610071763F /* Base */ = {isa = PBXFileReference; lastKnownFileType = file.storyboard; name = Base; path = Base.lproj/LaunchScreen.storyboard; sourceTree = "<group>"; };
		C7FDA5C52BB4A4610071763F /* Info.plist */ = {isa = PBXFileReference; lastKnownFileType = text.plist.xml; path = Info.plist; sourceTree = "<group>"; };
		C7FDA5CB2BB8D3390071763F /* QuestaoViewController.swift */ = {isa = PBXFileReference; lastKnownFileType = sourcecode.swift; path = QuestaoViewController.swift; sourceTree = "<group>"; };
		C7FDA5CD2BBA44FD0071763F /* Questao.swift */ = {isa = PBXFileReference; lastKnownFileType = sourcecode.swift; path = Questao.swift; sourceTree = "<group>"; };
/* End PBXFileReference section */

/* Begin PBXFrameworksBuildPhase section */
		C7FDA5B12BB4A45E0071763F /* Frameworks */ = {
			isa = PBXFrameworksBuildPhase;
			buildActionMask = 2147483647;
			files = (
			);
			runOnlyForDeploymentPostprocessing = 0;
		};
/* End PBXFrameworksBuildPhase section */

/* Begin PBXGroup section */
		C737A6452BBC8379000A8747 /* ViewController */ = {
			isa = PBXGroup;
			children = (
				C7FDA5BB2BB4A45E0071763F /* ViewController.swift */,
				C737A6432BBB8BB2000A8747 /* DesempenhoViewController.swift */,
				C7FDA5CB2BB8D3390071763F /* QuestaoViewController.swift */,
			);
			path = ViewController;
			sourceTree = "<group>";
		};
		C737A6462BBC83D6000A8747 /* Modelo */ = {
			isa = PBXGroup;
			children = (
				C7FDA5CD2BBA44FD0071763F /* Questao.swift */,
			);
			path = Modelo;
			sourceTree = "<group>";
		};
		C737A6492BBC85D5000A8747 /* Extensões */ = {
			isa = PBXGroup;
			children = (
				C737A6472BBC8561000A8747 /* UIColor+.swift */,
			);
			name = "Extensões";
			path = "Extensões";
			sourceTree = "<group>";
		};
		C7FDA5AB2BB4A45E0071763F = {
			isa = PBXGroup;
			children = (
				C7FDA5B62BB4A45E0071763F /* iQuiz */,
				C7FDA5B52BB4A45E0071763F /* Products */,
			);
			sourceTree = "<group>";
		};
		C7FDA5B52BB4A45E0071763F /* Products */ = {
			isa = PBXGroup;
			children = (
				C7FDA5B42BB4A45E0071763F /* iQuiz.app */,
			);
			name = Products;
			sourceTree = "<group>";
		};
		C7FDA5B62BB4A45E0071763F /* iQuiz */ = {
			isa = PBXGroup;
			children = (
				C737A6492BBC85D5000A8747 /* Extensões */,
				C737A6462BBC83D6000A8747 /* Modelo */,
				C737A6452BBC8379000A8747 /* ViewController */,
				C7FDA5B72BB4A45E0071763F /* AppDelegate.swift */,
				C7FDA5B92BB4A45E0071763F /* SceneDelegate.swift */,
				C7FDA5BD2BB4A45E0071763F /* Main.storyboard */,
				C7FDA5C02BB4A4610071763F /* Assets.xcassets */,
				C7FDA5C22BB4A4610071763F /* LaunchScreen.storyboard */,
				C7FDA5C52BB4A4610071763F /* Info.plist */,
			);
			path = iQuiz;
			sourceTree = "<group>";
		};
/* End PBXGroup section */

/* Begin PBXNativeTarget section */
		C7FDA5B32BB4A45E0071763F /* iQuiz */ = {
			isa = PBXNativeTarget;
			buildConfigurationList = C7FDA5C82BB4A4610071763F /* Build configuration list for PBXNativeTarget "iQuiz" */;
			buildPhases = (
				C7FDA5B02BB4A45E0071763F /* Sources */,
				C7FDA5B12BB4A45E0071763F /* Frameworks */,
				C7FDA5B22BB4A45E0071763F /* Resources */,
			);
			buildRules = (
			);
			dependencies = (
			);
			name = iQuiz;
			productName = iQuiz;
			productReference = C7FDA5B42BB4A45E0071763F /* iQuiz.app */;
			productType = "com.apple.product-type.application";
		};
/* End PBXNativeTarget section */

/* Begin PBXProject section */
		C7FDA5AC2BB4A45E0071763F /* Project object */ = {
			isa = PBXProject;
			attributes = {
				BuildIndependentTargetsInParallel = 1;
				LastSwiftUpdateCheck = 1420;
				LastUpgradeCheck = 1420;
				TargetAttributes = {
					C7FDA5B32BB4A45E0071763F = {
						CreatedOnToolsVersion = 14.2;
					};
				};
			};
			buildConfigurationList = C7FDA5AF2BB4A45E0071763F /* Build configuration list for PBXProject "iQuiz" */;
			compatibilityVersion = "Xcode 14.0";
			developmentRegion = en;
			hasScannedForEncodings = 0;
			knownRegions = (
				en,
				Base,
			);
			mainGroup = C7FDA5AB2BB4A45E0071763F;
			productRefGroup = C7FDA5B52BB4A45E0071763F /* Products */;
			projectDirPath = "";
			projectRoot = "";
			targets = (
				C7FDA5B32BB4A45E0071763F /* iQuiz */,
			);
		};
/* End PBXProject section */

/* Begin PBXResourcesBuildPhase section */
		C7FDA5B22BB4A45E0071763F /* Resources */ = {
			isa = PBXResourcesBuildPhase;
			buildActionMask = 2147483647;
			files = (
				C7FDA5C42BB4A4610071763F /* LaunchScreen.storyboard in Resources */,
				C7FDA5C12BB4A4610071763F /* Assets.xcassets in Resources */,
				C7FDA5BF2BB4A45E0071763F /* Main.storyboard in Resources */,
			);
			runOnlyForDeploymentPostprocessing = 0;
		};
/* End PBXResourcesBuildPhase section */

/* Begin PBXSourcesBuildPhase section */
		C7FDA5B02BB4A45E0071763F /* Sources */ = {
			isa = PBXSourcesBuildPhase;
			buildActionMask = 2147483647;
			files = (
				C7FDA5BC2BB4A45E0071763F /* ViewController.swift in Sources */,
				C7FDA5B82BB4A45E0071763F /* AppDelegate.swift in Sources */,
				C7FDA5BA2BB4A45E0071763F /* SceneDelegate.swift in Sources */,
				C737A6482BBC8561000A8747 /* UIColor+.swift in Sources */,
				C7FDA5CE2BBA44FD0071763F /* Questao.swift in Sources */,
				C737A6442BBB8BB2000A8747 /* DesempenhoViewController.swift in Sources */,
				C7FDA5CC2BB8D33A0071763F /* QuestaoViewController.swift in Sources */,
			);
			runOnlyForDeploymentPostprocessing = 0;
		};
/* End PBXSourcesBuildPhase section */

/* Begin PBXVariantGroup section */
		C7FDA5BD2BB4A45E0071763F /* Main.storyboard */ = {
			isa = PBXVariantGroup;
			children = (
				C7FDA5BE2BB4A45E0071763F /* Base */,
			);
			name = Main.storyboard;
			sourceTree = "<group>";
		};
		C7FDA5C22BB4A4610071763F /* LaunchScreen.storyboard */ = {
			isa = PBXVariantGroup;
			children = (
				C7FDA5C32BB4A4610071763F /* Base */,
			);
			name = LaunchScreen.storyboard;
			sourceTree = "<group>";
		};
/* End PBXVariantGroup section */

/* Begin XCBuildConfiguration section */
		C7FDA5C62BB4A4610071763F /* Debug */ = {
			isa = XCBuildConfiguration;
			buildSettings = {
				ALWAYS_SEARCH_USER_PATHS = NO;
				CLANG_ANALYZER_NONNULL = YES;
				CLANG_ANALYZER_NUMBER_OBJECT_CONVERSION = YES_AGGRESSIVE;
				CLANG_CXX_LANGUAGE_STANDARD = "gnu++20";
				CLANG_ENABLE_MODULES = YES;
				CLANG_ENABLE_OBJC_ARC = YES;
				CLANG_ENABLE_OBJC_WEAK = YES;
				CLANG_WARN_BLOCK_CAPTURE_AUTORELEASING = YES;
				CLANG_WARN_BOOL_CONVERSION = YES;
				CLANG_WARN_COMMA = YES;
				CLANG_WARN_CONSTANT_CONVERSION = YES;
				CLANG_WARN_DEPRECATED_OBJC_IMPLEMENTATIONS = YES;
				CLANG_WARN_DIRECT_OBJC_ISA_USAGE = YES_ERROR;
				CLANG_WARN_DOCUMENTATION_COMMENTS = YES;
				CLANG_WARN_EMPTY_BODY = YES;
				CLANG_WARN_ENUM_CONVERSION = YES;
				CLANG_WARN_INFINITE_RECURSION = YES;
				CLANG_WARN_INT_CONVERSION = YES;
				CLANG_WARN_NON_LITERAL_NULL_CONVERSION = YES;
				CLANG_WARN_OBJC_IMPLICIT_RETAIN_SELF = YES;
				CLANG_WARN_OBJC_LITERAL_CONVERSION = YES;
				CLANG_WARN_OBJC_ROOT_CLASS = YES_ERROR;
				CLANG_WARN_QUOTED_INCLUDE_IN_FRAMEWORK_HEADER = YES;
				CLANG_WARN_RANGE_LOOP_ANALYSIS = YES;
				CLANG_WARN_STRICT_PROTOTYPES = YES;
				CLANG_WARN_SUSPICIOUS_MOVE = YES;
				CLANG_WARN_UNGUARDED_AVAILABILITY = YES_AGGRESSIVE;
				CLANG_WARN_UNREACHABLE_CODE = YES;
				CLANG_WARN__DUPLICATE_METHOD_MATCH = YES;
				COPY_PHASE_STRIP = NO;
				DEBUG_INFORMATION_FORMAT = dwarf;
				ENABLE_STRICT_OBJC_MSGSEND = YES;
				ENABLE_TESTABILITY = YES;
				GCC_C_LANGUAGE_STANDARD = gnu11;
				GCC_DYNAMIC_NO_PIC = NO;
				GCC_NO_COMMON_BLOCKS = YES;
				GCC_OPTIMIZATION_LEVEL = 0;
				GCC_PREPROCESSOR_DEFINITIONS = (
					"DEBUG=1",
					"$(inherited)",
				);
				GCC_WARN_64_TO_32_BIT_CONVERSION = YES;
				GCC_WARN_ABOUT_RETURN_TYPE = YES_ERROR;
				GCC_WARN_UNDECLARED_SELECTOR = YES;
				GCC_WARN_UNINITIALIZED_AUTOS = YES_AGGRESSIVE;
				GCC_WARN_UNUSED_FUNCTION = YES;
				GCC_WARN_UNUSED_VARIABLE = YES;
				IPHONEOS_DEPLOYMENT_TARGET = 16.2;
				MTL_ENABLE_DEBUG_INFO = INCLUDE_SOURCE;
				MTL_FAST_MATH = YES;
				ONLY_ACTIVE_ARCH = YES;
				SDKROOT = iphoneos;
				SWIFT_ACTIVE_COMPILATION_CONDITIONS = DEBUG;
				SWIFT_OPTIMIZATION_LEVEL = "-Onone";
			};
			name = Debug;
		};
		C7FDA5C72BB4A4610071763F /* Release */ = {
			isa = XCBuildConfiguration;
			buildSettings = {
				ALWAYS_SEARCH_USER_PATHS = NO;
				CLANG_ANALYZER_NONNULL = YES;
				CLANG_ANALYZER_NUMBER_OBJECT_CONVERSION = YES_AGGRESSIVE;
				CLANG_CXX_LANGUAGE_STANDARD = "gnu++20";
				CLANG_ENABLE_MODULES = YES;
				CLANG_ENABLE_OBJC_ARC = YES;
				CLANG_ENABLE_OBJC_WEAK = YES;
				CLANG_WARN_BLOCK_CAPTURE_AUTORELEASING = YES;
				CLANG_WARN_BOOL_CONVERSION = YES;
				CLANG_WARN_COMMA = YES;
				CLANG_WARN_CONSTANT_CONVERSION = YES;
				CLANG_WARN_DEPRECATED_OBJC_IMPLEMENTATIONS = YES;
				CLANG_WARN_DIRECT_OBJC_ISA_USAGE = YES_ERROR;
				CLANG_WARN_DOCUMENTATION_COMMENTS = YES;
				CLANG_WARN_EMPTY_BODY = YES;
				CLANG_WARN_ENUM_CONVERSION = YES;
				CLANG_WARN_INFINITE_RECURSION = YES;
				CLANG_WARN_INT_CONVERSION = YES;
				CLANG_WARN_NON_LITERAL_NULL_CONVERSION = YES;
				CLANG_WARN_OBJC_IMPLICIT_RETAIN_SELF = YES;
				CLANG_WARN_OBJC_LITERAL_CONVERSION = YES;
				CLANG_WARN_OBJC_ROOT_CLASS = YES_ERROR;
				CLANG_WARN_QUOTED_INCLUDE_IN_FRAMEWORK_HEADER = YES;
				CLANG_WARN_RANGE_LOOP_ANALYSIS = YES;
				CLANG_WARN_STRICT_PROTOTYPES = YES;
				CLANG_WARN_SUSPICIOUS_MOVE = YES;
				CLANG_WARN_UNGUARDED_AVAILABILITY = YES_AGGRESSIVE;
				CLANG_WARN_UNREACHABLE_CODE = YES;
				CLANG_WARN__DUPLICATE_METHOD_MATCH = YES;
				COPY_PHASE_STRIP = NO;
				DEBUG_INFORMATION_FORMAT = "dwarf-with-dsym";
				ENABLE_NS_ASSERTIONS = NO;
				ENABLE_STRICT_OBJC_MSGSEND = YES;
				GCC_C_LANGUAGE_STANDARD = gnu11;
				GCC_NO_COMMON_BLOCKS = YES;
				GCC_WARN_64_TO_32_BIT_CONVERSION = YES;
				GCC_WARN_ABOUT_RETURN_TYPE = YES_ERROR;
				GCC_WARN_UNDECLARED_SELECTOR = YES;
				GCC_WARN_UNINITIALIZED_AUTOS = YES_AGGRESSIVE;
				GCC_WARN_UNUSED_FUNCTION = YES;
				GCC_WARN_UNUSED_VARIABLE = YES;
				IPHONEOS_DEPLOYMENT_TARGET = 16.2;
				MTL_ENABLE_DEBUG_INFO = NO;
				MTL_FAST_MATH = YES;
				SDKROOT = iphoneos;
				SWIFT_COMPILATION_MODE = wholemodule;
				SWIFT_OPTIMIZATION_LEVEL = "-O";
				VALIDATE_PRODUCT = YES;
			};
			name = Release;
		};
		C7FDA5C92BB4A4610071763F /* Debug */ = {
			isa = XCBuildConfiguration;
			buildSettings = {
				ASSETCATALOG_COMPILER_APPICON_NAME = AppIcon;
				ASSETCATALOG_COMPILER_GLOBAL_ACCENT_COLOR_NAME = AccentColor;
				CODE_SIGN_STYLE = Automatic;
				CURRENT_PROJECT_VERSION = 1;
				GENERATE_INFOPLIST_FILE = YES;
				INFOPLIST_FILE = iQuiz/Info.plist;
				INFOPLIST_KEY_UIApplicationSupportsIndirectInputEvents = YES;
				INFOPLIST_KEY_UILaunchStoryboardName = LaunchScreen;
				INFOPLIST_KEY_UIMainStoryboardFile = Main;
				INFOPLIST_KEY_UISupportedInterfaceOrientations_iPad = "UIInterfaceOrientationPortrait UIInterfaceOrientationPortraitUpsideDown UIInterfaceOrientationLandscapeLeft UIInterfaceOrientationLandscapeRight";
				INFOPLIST_KEY_UISupportedInterfaceOrientations_iPhone = "UIInterfaceOrientationPortrait UIInterfaceOrientationLandscapeLeft UIInterfaceOrientationLandscapeRight";
				LD_RUNPATH_SEARCH_PATHS = (
					"$(inherited)",
					"@executable_path/Frameworks",
				);
				MARKETING_VERSION = 1.0;
				PRODUCT_BUNDLE_IDENTIFIER = PrimeiroProjetoUikit.iQuiz;
				PRODUCT_NAME = "$(TARGET_NAME)";
				SWIFT_EMIT_LOC_STRINGS = YES;
				SWIFT_VERSION = 5.0;
				TARGETED_DEVICE_FAMILY = "1,2";
			};
			name = Debug;
		};
		C7FDA5CA2BB4A4610071763F /* Release */ = {
			isa = XCBuildConfiguration;
			buildSettings = {
				ASSETCATALOG_COMPILER_APPICON_NAME = AppIcon;
				ASSETCATALOG_COMPILER_GLOBAL_ACCENT_COLOR_NAME = AccentColor;
				CODE_SIGN_STYLE = Automatic;
				CURRENT_PROJECT_VERSION = 1;
				GENERATE_INFOPLIST_FILE = YES;
				INFOPLIST_FILE = iQuiz/Info.plist;
				INFOPLIST_KEY_UIApplicationSupportsIndirectInputEvents = YES;
				INFOPLIST_KEY_UILaunchStoryboardName = LaunchScreen;
				INFOPLIST_KEY_UIMainStoryboardFile = Main;
				INFOPLIST_KEY_UISupportedInterfaceOrientations_iPad = "UIInterfaceOrientationPortrait UIInterfaceOrientationPortraitUpsideDown UIInterfaceOrientationLandscapeLeft UIInterfaceOrientationLandscapeRight";
				INFOPLIST_KEY_UISupportedInterfaceOrientations_iPhone = "UIInterfaceOrientationPortrait UIInterfaceOrientationLandscapeLeft UIInterfaceOrientationLandscapeRight";
				LD_RUNPATH_SEARCH_PATHS = (
					"$(inherited)",
					"@executable_path/Frameworks",
				);
				MARKETING_VERSION = 1.0;
				PRODUCT_BUNDLE_IDENTIFIER = PrimeiroProjetoUikit.iQuiz;
				PRODUCT_NAME = "$(TARGET_NAME)";
				SWIFT_EMIT_LOC_STRINGS = YES;
				SWIFT_VERSION = 5.0;
				TARGETED_DEVICE_FAMILY = "1,2";
			};
			name = Release;
		};
/* End XCBuildConfiguration section */

/* Begin XCConfigurationList section */
		C7FDA5AF2BB4A45E0071763F /* Build configuration list for PBXProject "iQuiz" */ = {
			isa = XCConfigurationList;
			buildConfigurations = (
				C7FDA5C62BB4A4610071763F /* Debug */,
				C7FDA5C72BB4A4610071763F /* Release */,
			);
			defaultConfigurationIsVisible = 0;
			defaultConfigurationName = Release;
		};
		C7FDA5C82BB4A4610071763F /* Build configuration list for PBXNativeTarget "iQuiz" */ = {
			isa = XCConfigurationList;
			buildConfigurations = (
				C7FDA5C92BB4A4610071763F /* Debug */,
				C7FDA5CA2BB4A4610071763F /* Release */,
			);
			defaultConfigurationIsVisible = 0;
			defaultConfigurationName = Release;
		};
/* End XCConfigurationList section */
	};
	rootObject = C7FDA5AC2BB4A45E0071763F /* Project object */;
}
